
Microsoft Visual Studio Solution File, Format Version 12.00
# Visual Studio Version 17
VisualStudioVersion = 17.2.32526.322
MinimumVisualStudioVersion = 10.0.40219.1
Project("{FAE04EC0-301F-11D3-BF4B-00C04F79EFBC}") = "ConsoleApp1", "ConsoleApp1\ConsoleApp1.csproj", "{580E10A0-A68D-4134-8681-3C15E279C78E}"
EndProject
Global
	GlobalSection(SolutionConfigurationPlatforms) = preSolution
		Debug|Any CPU = Debug|Any CPU
		Release|Any CPU = Release|Any CPU
	EndGlobalSection
	GlobalSection(ProjectConfigurationPlatforms) = postSolution
		{580E10A0-A68D-4134-8681-3C15E279C78E}.Debug|Any CPU.ActiveCfg = Debug|Any CPU
		{580E10A0-A68D-4134-8681-3C15E279C78E}.Debug|Any CPU.Build.0 = Debug|Any CPU
		{580E10A0-A68D-4134-8681-3C15E279C78E}.Release|Any CPU.ActiveCfg = Release|Any CPU
		{580E10A0-A68D-4134-8681-3C15E279C78E}.Release|Any CPU.Build.0 = Release|Any CPU
	EndGlobalSection
	GlobalSection(SolutionProperties) = preSolution
		HideSolutionNode = FALSE
	EndGlobalSection
	GlobalSection(ExtensibilityGlobals) = postSolution
		SolutionGuid = {62E4857F-2D26-41DC-B9A2-4CD0FCEE8557}
	EndGlobalSection
EndGlobal
